// !$*UTF8*$!
{
	archiveVersion = 1;
	classes = {
	};
	objectVersion = 55;
	objects = {

/* Begin PBXBuildFile section */
		3F1EA5A0077EF3FE0F0FDCC2 /* Pods_4month_6homewor_6.framework in Frameworks */ = {isa = PBXBuildFile; fileRef = B0136C61AAF21B83A0993057 /* Pods_4month_6homewor_6.framework */; };
		C534AA572978260000B205F3 /* AppDelegate.swift in Sources */ = {isa = PBXBuildFile; fileRef = C534AA562978260000B205F3 /* AppDelegate.swift */; };
		C534AA592978260000B205F3 /* SceneDelegate.swift in Sources */ = {isa = PBXBuildFile; fileRef = C534AA582978260000B205F3 /* SceneDelegate.swift */; };
		C534AA5B2978260000B205F3 /* ViewController.swift in Sources */ = {isa = PBXBuildFile; fileRef = C534AA5A2978260000B205F3 /* ViewController.swift */; };
		C534AA5E2978260000B205F3 /* Main.storyboard in Resources */ = {isa = PBXBuildFile; fileRef = C534AA5C2978260000B205F3 /* Main.storyboard */; };
		C534AA602978260100B205F3 /* Assets.xcassets in Resources */ = {isa = PBXBuildFile; fileRef = C534AA5F2978260100B205F3 /* Assets.xcassets */; };
		C534AA632978260100B205F3 /* LaunchScreen.storyboard in Resources */ = {isa = PBXBuildFile; fileRef = C534AA612978260100B205F3 /* LaunchScreen.storyboard */; };
		C534AA6B2978292300B205F3 /* MemeModel.swift in Sources */ = {isa = PBXBuildFile; fileRef = C534AA6A2978292300B205F3 /* MemeModel.swift */; };
		C534AA6D2978293000B205F3 /* MemeController.swift in Sources */ = {isa = PBXBuildFile; fileRef = C534AA6C2978293000B205F3 /* MemeController.swift */; };
		C534AA6F2978293D00B205F3 /* NetworkManager.swift in Sources */ = {isa = PBXBuildFile; fileRef = C534AA6E2978293D00B205F3 /* NetworkManager.swift */; };
/* End PBXBuildFile section */

/* Begin PBXFileReference section */
		0BB801A5EA940241A8B54FBF /* Pods-4month.6homewor.6.release.xcconfig */ = {isa = PBXFileReference; includeInIndex = 1; lastKnownFileType = text.xcconfig; name = "Pods-4month.6homewor.6.release.xcconfig"; path = "Target Support Files/Pods-4month.6homewor.6/Pods-4month.6homewor.6.release.xcconfig"; sourceTree = "<group>"; };
		B0136C61AAF21B83A0993057 /* Pods_4month_6homewor_6.framework */ = {isa = PBXFileReference; explicitFileType = wrapper.framework; includeInIndex = 0; path = Pods_4month_6homewor_6.framework; sourceTree = BUILT_PRODUCTS_DIR; };
		C534AA532978260000B205F3 /* 4month.6homewor.6.app */ = {isa = PBXFileReference; explicitFileType = wrapper.application; includeInIndex = 0; path = 4month.6homewor.6.app; sourceTree = BUILT_PRODUCTS_DIR; };
		C534AA562978260000B205F3 /* AppDelegate.swift */ = {isa = PBXFileReference; lastKnownFileType = sourcecode.swift; path = AppDelegate.swift; sourceTree = "<group>"; };
		C534AA582978260000B205F3 /* SceneDelegate.swift */ = {isa = PBXFileReference; lastKnownFileType = sourcecode.swift; path = SceneDelegate.swift; sourceTree = "<group>"; };
		C534AA5A2978260000B205F3 /* ViewController.swift */ = {isa = PBXFileReference; lastKnownFileType = sourcecode.swift; path = ViewController.swift; sourceTree = "<group>"; };
		C534AA5D2978260000B205F3 /* Base */ = {isa = PBXFileReference; lastKnownFileType = file.storyboard; name = Base; path = Base.lproj/Main.storyboard; sourceTree = "<group>"; };
		C534AA5F2978260100B205F3 /* Assets.xcassets */ = {isa = PBXFileReference; lastKnownFileType = folder.assetcatalog; path = Assets.xcassets; sourceTree = "<group>"; };
		C534AA622978260100B205F3 /* Base */ = {isa = PBXFileReference; lastKnownFileType = file.storyboard; name = Base; path = Base.lproj/LaunchScreen.storyboard; sourceTree = "<group>"; };
		C534AA642978260100B205F3 /* Info.plist */ = {isa = PBXFileReference; lastKnownFileType = text.plist.xml; path = Info.plist; sourceTree = "<group>"; };
		C534AA6A2978292300B205F3 /* MemeModel.swift */ = {isa = PBXFileReference; lastKnownFileType = sourcecode.swift; path = MemeModel.swift; sourceTree = "<group>"; };
		C534AA6C2978293000B205F3 /* MemeController.swift */ = {isa = PBXFileReference; lastKnownFileType = sourcecode.swift; path = MemeController.swift; sourceTree = "<group>"; };
		C534AA6E2978293D00B205F3 /* NetworkManager.swift */ = {isa = PBXFileReference; lastKnownFileType = sourcecode.swift; path = NetworkManager.swift; sourceTree = "<group>"; };
		D506867F3E6DD3C72396BA3B /* Pods-4month.6homewor.6.debug.xcconfig */ = {isa = PBXFileReference; includeInIndex = 1; lastKnownFileType = text.xcconfig; name = "Pods-4month.6homewor.6.debug.xcconfig"; path = "Target Support Files/Pods-4month.6homewor.6/Pods-4month.6homewor.6.debug.xcconfig"; sourceTree = "<group>"; };
/* End PBXFileReference section */

/* Begin PBXFrameworksBuildPhase section */
		C534AA502978260000B205F3 /* Frameworks */ = {
			isa = PBXFrameworksBuildPhase;
			buildActionMask = 2147483647;
			files = (
				3F1EA5A0077EF3FE0F0FDCC2 /* Pods_4month_6homewor_6.framework in Frameworks */,
			);
			runOnlyForDeploymentPostprocessing = 0;
		};
/* End PBXFrameworksBuildPhase section */

/* Begin PBXGroup section */
		60B152341ADB95562D74DCE5 /* Frameworks */ = {
			isa = PBXGroup;
			children = (
				B0136C61AAF21B83A0993057 /* Pods_4month_6homewor_6.framework */,
			);
			name = Frameworks;
			sourceTree = "<group>";
		};
		B9D18E49B50B7D6B569637F9 /* Pods */ = {
			isa = PBXGroup;
			children = (
				D506867F3E6DD3C72396BA3B /* Pods-4month.6homewor.6.debug.xcconfig */,
				0BB801A5EA940241A8B54FBF /* Pods-4month.6homewor.6.release.xcconfig */,
			);
			path = Pods;
			sourceTree = "<group>";
		};
		C534AA4A2978260000B205F3 = {
			isa = PBXGroup;
			children = (
				C534AA552978260000B205F3 /* 4month.6homewor.6 */,
				C534AA542978260000B205F3 /* Products */,
				B9D18E49B50B7D6B569637F9 /* Pods */,
				60B152341ADB95562D74DCE5 /* Frameworks */,
			);
			sourceTree = "<group>";
		};
		C534AA542978260000B205F3 /* Products */ = {
			isa = PBXGroup;
			children = (
				C534AA532978260000B205F3 /* 4month.6homewor.6.app */,
			);
			name = Products;
			sourceTree = "<group>";
		};
		C534AA552978260000B205F3 /* 4month.6homewor.6 */ = {
			isa = PBXGroup;
			children = (
				C534AA562978260000B205F3 /* AppDelegate.swift */,
				C534AA582978260000B205F3 /* SceneDelegate.swift */,
				C534AA5A2978260000B205F3 /* ViewController.swift */,
				C534AA6A2978292300B205F3 /* MemeModel.swift */,
				C534AA6C2978293000B205F3 /* MemeController.swift */,
				C534AA6E2978293D00B205F3 /* NetworkManager.swift */,
				C534AA5C2978260000B205F3 /* Main.storyboard */,
				C534AA5F2978260100B205F3 /* Assets.xcassets */,
				C534AA612978260100B205F3 /* LaunchScreen.storyboard */,
				C534AA642978260100B205F3 /* Info.plist */,
			);
			path = 4month.6homewor.6;
			sourceTree = "<group>";
		};
/* End PBXGroup section */

/* Begin PBXNativeTarget section */
		C534AA522978260000B205F3 /* 4month.6homewor.6 */ = {
			isa = PBXNativeTarget;
			buildConfigurationList = C534AA672978260100B205F3 /* Build configuration list for PBXNativeTarget "4month.6homewor.6" */;
			buildPhases = (
				1B10D3BE8F401368287F32D6 /* [CP] Check Pods Manifest.lock */,
				C534AA4F2978260000B205F3 /* Sources */,
				C534AA502978260000B205F3 /* Frameworks */,
				C534AA512978260000B205F3 /* Resources */,
				F3D143608FDC0C0ED46D36E1 /* [CP] Embed Pods Frameworks */,
			);
			buildRules = (
			);
			dependencies = (
			);
			name = 4month.6homewor.6;
			productName = 4month.6homewor.6;
			productReference = C534AA532978260000B205F3 /* 4month.6homewor.6.app */;
			productType = "com.apple.product-type.application";
		};
/* End PBXNativeTarget section */

/* Begin PBXProject section */
		C534AA4B2978260000B205F3 /* Project object */ = {
			isa = PBXProject;
			attributes = {
				BuildIndependentTargetsInParallel = 1;
				LastSwiftUpdateCheck = 1340;
				LastUpgradeCheck = 1340;
				TargetAttributes = {
					C534AA522978260000B205F3 = {
						CreatedOnToolsVersion = 13.4.1;
					};
				};
			};
			buildConfigurationList = C534AA4E2978260000B205F3 /* Build configuration list for PBXProject "4month.6homewor.6" */;
			compatibilityVersion = "Xcode 13.0";
			developmentRegion = en;
			hasScannedForEncodings = 0;
			knownRegions = (
				en,
				Base,
			);
			mainGroup = C534AA4A2978260000B205F3;
			productRefGroup = C534AA542978260000B205F3 /* Products */;
			projectDirPath = "";
			projectRoot = "";
			targets = (
				C534AA522978260000B205F3 /* 4month.6homewor.6 */,
			);
		};
/* End PBXProject section */

/* Begin PBXResourcesBuildPhase section */
		C534AA512978260000B205F3 /* Resources */ = {
			isa = PBXResourcesBuildPhase;
			buildActionMask = 2147483647;
			files = (
				C534AA632978260100B205F3 /* LaunchScreen.storyboard in Resources */,
				C534AA602978260100B205F3 /* Assets.xcassets in Resources */,
				C534AA5E2978260000B205F3 /* Main.storyboard in Resources */,
			);
			runOnlyForDeploymentPostprocessing = 0;
		};
/* End PBXResourcesBuildPhase section */

/* Begin PBXShellScriptBuildPhase section */
		1B10D3BE8F401368287F32D6 /* [CP] Check Pods Manifest.lock */ = {
			isa = PBXShellScriptBuildPhase;
			buildActionMask = 2147483647;
			files = (
			);
			inputFileListPaths = (
			);
			inputPaths = (
				"${PODS_PODFILE_DIR_PATH}/Podfile.lock",
				"${PODS_ROOT}/Manifest.lock",
			);
			name = "[CP] Check Pods Manifest.lock";
			outputFileListPaths = (
			);
			outputPaths = (
				"$(DERIVED_FILE_DIR)/Pods-4month.6homewor.6-checkManifestLockResult.txt",
			);
			runOnlyForDeploymentPostprocessing = 0;
			shellPath = /bin/sh;
			shellScript = "diff \"${PODS_PODFILE_DIR_PATH}/Podfile.lock\" \"${PODS_ROOT}/Manifest.lock\" > /dev/null\nif [ $? != 0 ] ; then\n    # print error to STDERR\n    echo \"error: The sandbox is not in sync with the Podfile.lock. Run 'pod install' or update your CocoaPods installation.\" >&2\n    exit 1\nfi\n# This output is used by Xcode 'outputs' to avoid re-running this script phase.\necho \"SUCCESS\" > \"${SCRIPT_OUTPUT_FILE_0}\"\n";
			showEnvVarsInLog = 0;
		};
		F3D143608FDC0C0ED46D36E1 /* [CP] Embed Pods Frameworks */ = {
			isa = PBXShellScriptBuildPhase;
			buildActionMask = 2147483647;
			files = (
			);
			inputFileListPaths = (
				"${PODS_ROOT}/Target Support Files/Pods-4month.6homewor.6/Pods-4month.6homewor.6-frameworks-${CONFIGURATION}-input-files.xcfilelist",
			);
			name = "[CP] Embed Pods Frameworks";
			outputFileListPaths = (
				"${PODS_ROOT}/Target Support Files/Pods-4month.6homewor.6/Pods-4month.6homewor.6-frameworks-${CONFIGURATION}-output-files.xcfilelist",
			);
			runOnlyForDeploymentPostprocessing = 0;
			shellPath = /bin/sh;
			shellScript = "\"${PODS_ROOT}/Target Support Files/Pods-4month.6homewor.6/Pods-4month.6homewor.6-frameworks.sh\"\n";
			showEnvVarsInLog = 0;
		};
/* End PBXShellScriptBuildPhase section */

/* Begin PBXSourcesBuildPhase section */
		C534AA4F2978260000B205F3 /* Sources */ = {
			isa = PBXSourcesBuildPhase;
			buildActionMask = 2147483647;
			files = (
				C534AA6F2978293D00B205F3 /* NetworkManager.swift in Sources */,
				C534AA6D2978293000B205F3 /* MemeController.swift in Sources */,
				C534AA5B2978260000B205F3 /* ViewController.swift in Sources */,
				C534AA572978260000B205F3 /* AppDelegate.swift in Sources */,
				C534AA592978260000B205F3 /* SceneDelegate.swift in Sources */,
				C534AA6B2978292300B205F3 /* MemeModel.swift in Sources */,
			);
			runOnlyForDeploymentPostprocessing = 0;
		};
/* End PBXSourcesBuildPhase section */

/* Begin PBXVariantGroup section */
		C534AA5C2978260000B205F3 /* Main.storyboard */ = {
			isa = PBXVariantGroup;
			children = (
				C534AA5D2978260000B205F3 /* Base */,
			);
			name = Main.storyboard;
			sourceTree = "<group>";
		};
		C534AA612978260100B205F3 /* LaunchScreen.storyboard */ = {
			isa = PBXVariantGroup;
			children = (
				C534AA622978260100B205F3 /* Base */,
			);
			name = LaunchScreen.storyboard;
			sourceTree = "<group>";
		};
/* End PBXVariantGroup section */

/* Begin XCBuildConfiguration section */
		C534AA652978260100B205F3 /* Debug */ = {
			isa = XCBuildConfiguration;
			buildSettings = {
				ALWAYS_SEARCH_USER_PATHS = NO;
				CLANG_ANALYZER_NONNULL = YES;
				CLANG_ANALYZER_NUMBER_OBJECT_CONVERSION = YES_AGGRESSIVE;
				CLANG_CXX_LANGUAGE_STANDARD = "gnu++17";
				CLANG_ENABLE_MODULES = YES;
				CLANG_ENABLE_OBJC_ARC = YES;
				CLANG_ENABLE_OBJC_WEAK = YES;
				CLANG_WARN_BLOCK_CAPTURE_AUTORELEASING = YES;
				CLANG_WARN_BOOL_CONVERSION = YES;
				CLANG_WARN_COMMA = YES;
				CLANG_WARN_CONSTANT_CONVERSION = YES;
				CLANG_WARN_DEPRECATED_OBJC_IMPLEMENTATIONS = YES;
				CLANG_WARN_DIRECT_OBJC_ISA_USAGE = YES_ERROR;
				CLANG_WARN_DOCUMENTATION_COMMENTS = YES;
				CLANG_WARN_EMPTY_BODY = YES;
				CLANG_WARN_ENUM_CONVERSION = YES;
				CLANG_WARN_INFINITE_RECURSION = YES;
				CLANG_WARN_INT_CONVERSION = YES;
				CLANG_WARN_NON_LITERAL_NULL_CONVERSION = YES;
				CLANG_WARN_OBJC_IMPLICIT_RETAIN_SELF = YES;
				CLANG_WARN_OBJC_LITERAL_CONVERSION = YES;
				CLANG_WARN_OBJC_ROOT_CLASS = YES_ERROR;
				CLANG_WARN_QUOTED_INCLUDE_IN_FRAMEWORK_HEADER = YES;
				CLANG_WARN_RANGE_LOOP_ANALYSIS = YES;
				CLANG_WARN_STRICT_PROTOTYPES = YES;
				CLANG_WARN_SUSPICIOUS_MOVE = YES;
				CLANG_WARN_UNGUARDED_AVAILABILITY = YES_AGGRESSIVE;
				CLANG_WARN_UNREACHABLE_CODE = YES;
				CLANG_WARN__DUPLICATE_METHOD_MATCH = YES;
				COPY_PHASE_STRIP = NO;
				DEBUG_INFORMATION_FORMAT = dwarf;
				ENABLE_STRICT_OBJC_MSGSEND = YES;
				ENABLE_TESTABILITY = YES;
				GCC_C_LANGUAGE_STANDARD = gnu11;
				GCC_DYNAMIC_NO_PIC = NO;
				GCC_NO_COMMON_BLOCKS = YES;
				GCC_OPTIMIZATION_LEVEL = 0;
				GCC_PREPROCESSOR_DEFINITIONS = (
					"DEBUG=1",
					"$(inherited)",
				);
				GCC_WARN_64_TO_32_BIT_CONVERSION = YES;
				GCC_WARN_ABOUT_RETURN_TYPE = YES_ERROR;
				GCC_WARN_UNDECLARED_SELECTOR = YES;
				GCC_WARN_UNINITIALIZED_AUTOS = YES_AGGRESSIVE;
				GCC_WARN_UNUSED_FUNCTION = YES;
				GCC_WARN_UNUSED_VARIABLE = YES;
				IPHONEOS_DEPLOYMENT_TARGET = 15.5;
				MTL_ENABLE_DEBUG_INFO = INCLUDE_SOURCE;
				MTL_FAST_MATH = YES;
				ONLY_ACTIVE_ARCH = YES;
				SDKROOT = iphoneos;
				SWIFT_ACTIVE_COMPILATION_CONDITIONS = DEBUG;
				SWIFT_OPTIMIZATION_LEVEL = "-Onone";
			};
			name = Debug;
		};
		C534AA662978260100B205F3 /* Release */ = {
			isa = XCBuildConfiguration;
			buildSettings = {
				ALWAYS_SEARCH_USER_PATHS = NO;
				CLANG_ANALYZER_NONNULL = YES;
				CLANG_ANALYZER_NUMBER_OBJECT_CONVERSION = YES_AGGRESSIVE;
				CLANG_CXX_LANGUAGE_STANDARD = "gnu++17";
				CLANG_ENABLE_MODULES = YES;
				CLANG_ENABLE_OBJC_ARC = YES;
				CLANG_ENABLE_OBJC_WEAK = YES;
				CLANG_WARN_BLOCK_CAPTURE_AUTORELEASING = YES;
				CLANG_WARN_BOOL_CONVERSION = YES;
				CLANG_WARN_COMMA = YES;
				CLANG_WARN_CONSTANT_CONVERSION = YES;
				CLANG_WARN_DEPRECATED_OBJC_IMPLEMENTATIONS = YES;
				CLANG_WARN_DIRECT_OBJC_ISA_USAGE = YES_ERROR;
				CLANG_WARN_DOCUMENTATION_COMMENTS = YES;
				CLANG_WARN_EMPTY_BODY = YES;
				CLANG_WARN_ENUM_CONVERSION = YES;
				CLANG_WARN_INFINITE_RECURSION = YES;
				CLANG_WARN_INT_CONVERSION = YES;
				CLANG_WARN_NON_LITERAL_NULL_CONVERSION = YES;
				CLANG_WARN_OBJC_IMPLICIT_RETAIN_SELF = YES;
				CLANG_WARN_OBJC_LITERAL_CONVERSION = YES;
				CLANG_WARN_OBJC_ROOT_CLASS = YES_ERROR;
				CLANG_WARN_QUOTED_INCLUDE_IN_FRAMEWORK_HEADER = YES;
				CLANG_WARN_RANGE_LOOP_ANALYSIS = YES;
				CLANG_WARN_STRICT_PROTOTYPES = YES;
				CLANG_WARN_SUSPICIOUS_MOVE = YES;
				CLANG_WARN_UNGUARDED_AVAILABILITY = YES_AGGRESSIVE;
				CLANG_WARN_UNREACHABLE_CODE = YES;
				CLANG_WARN__DUPLICATE_METHOD_MATCH = YES;
				COPY_PHASE_STRIP = NO;
				DEBUG_INFORMATION_FORMAT = "dwarf-with-dsym";
				ENABLE_NS_ASSERTIONS = NO;
				ENABLE_STRICT_OBJC_MSGSEND = YES;
				GCC_C_LANGUAGE_STANDARD = gnu11;
				GCC_NO_COMMON_BLOCKS = YES;
				GCC_WARN_64_TO_32_BIT_CONVERSION = YES;
				GCC_WARN_ABOUT_RETURN_TYPE = YES_ERROR;
				GCC_WARN_UNDECLARED_SELECTOR = YES;
				GCC_WARN_UNINITIALIZED_AUTOS = YES_AGGRESSIVE;
				GCC_WARN_UNUSED_FUNCTION = YES;
				GCC_WARN_UNUSED_VARIABLE = YES;
				IPHONEOS_DEPLOYMENT_TARGET = 15.5;
				MTL_ENABLE_DEBUG_INFO = NO;
				MTL_FAST_MATH = YES;
				SDKROOT = iphoneos;
				SWIFT_COMPILATION_MODE = wholemodule;
				SWIFT_OPTIMIZATION_LEVEL = "-O";
				VALIDATE_PRODUCT = YES;
			};
			name = Release;
		};
		C534AA682978260100B205F3 /* Debug */ = {
			isa = XCBuildConfiguration;
			baseConfigurationReference = D506867F3E6DD3C72396BA3B /* Pods-4month.6homewor.6.debug.xcconfig */;
			buildSettings = {
				ASSETCATALOG_COMPILER_APPICON_NAME = AppIcon;
				ASSETCATALOG_COMPILER_GLOBAL_ACCENT_COLOR_NAME = AccentColor;
				CODE_SIGN_STYLE = Automatic;
				CURRENT_PROJECT_VERSION = 1;
				DEVELOPMENT_TEAM = X944PHT9ZP;
				GENERATE_INFOPLIST_FILE = YES;
				INFOPLIST_FILE = 4month.6homewor.6/Info.plist;
				INFOPLIST_KEY_UIApplicationSupportsIndirectInputEvents = YES;
				INFOPLIST_KEY_UILaunchStoryboardName = LaunchScreen;
				INFOPLIST_KEY_UIMainStoryboardFile = Main;
				INFOPLIST_KEY_UISupportedInterfaceOrientations_iPad = "UIInterfaceOrientationPortrait UIInterfaceOrientationPortraitUpsideDown UIInterfaceOrientationLandscapeLeft UIInterfaceOrientationLandscapeRight";
				INFOPLIST_KEY_UISupportedInterfaceOrientations_iPhone = "UIInterfaceOrientationPortrait UIInterfaceOrientationLandscapeLeft UIInterfaceOrientationLandscapeRight";
				LD_RUNPATH_SEARCH_PATHS = (
					"$(inherited)",
					"@executable_path/Frameworks",
				);
				MARKETING_VERSION = 1.0;
				PRODUCT_BUNDLE_IDENTIFIER = "geektech.com.-month-6homewor-6";
				PRODUCT_NAME = "$(TARGET_NAME)";
				SWIFT_EMIT_LOC_STRINGS = YES;
				SWIFT_VERSION = 5.0;
				TARGETED_DEVICE_FAMILY = "1,2";
			};
			name = Debug;
		};
		C534AA692978260100B205F3 /* Release */ = {
			isa = XCBuildConfiguration;
			baseConfigurationReference = 0BB801A5EA940241A8B54FBF /* Pods-4month.6homewor.6.release.xcconfig */;
			buildSettings = {
				ASSETCATALOG_COMPILER_APPICON_NAME = AppIcon;
				ASSETCATALOG_COMPILER_GLOBAL_ACCENT_COLOR_NAME = AccentColor;
				CODE_SIGN_STYLE = Automatic;
				CURRENT_PROJECT_VERSION = 1;
				DEVELOPMENT_TEAM = X944PHT9ZP;
				GENERATE_INFOPLIST_FILE = YES;
				INFOPLIST_FILE = 4month.6homewor.6/Info.plist;
				INFOPLIST_KEY_UIApplicationSupportsIndirectInputEvents = YES;
				INFOPLIST_KEY_UILaunchStoryboardName = LaunchScreen;
				INFOPLIST_KEY_UIMainStoryboardFile = Main;
				INFOPLIST_KEY_UISupportedInterfaceOrientations_iPad = "UIInterfaceOrientationPortrait UIInterfaceOrientationPortraitUpsideDown UIInterfaceOrientationLandscapeLeft UIInterfaceOrientationLandscapeRight";
				INFOPLIST_KEY_UISupportedInterfaceOrientations_iPhone = "UIInterfaceOrientationPortrait UIInterfaceOrientationLandscapeLeft UIInterfaceOrientationLandscapeRight";
				LD_RUNPATH_SEARCH_PATHS = (
					"$(inherited)",
					"@executable_path/Frameworks",
				);
				MARKETING_VERSION = 1.0;
				PRODUCT_BUNDLE_IDENTIFIER = "geektech.com.-month-6homewor-6";
				PRODUCT_NAME = "$(TARGET_NAME)";
				SWIFT_EMIT_LOC_STRINGS = YES;
				SWIFT_VERSION = 5.0;
				TARGETED_DEVICE_FAMILY = "1,2";
			};
			name = Release;
		};
/* End XCBuildConfiguration section */

/* Begin XCConfigurationList section */
		C534AA4E2978260000B205F3 /* Build configuration list for PBXProject "4month.6homewor.6" */ = {
			isa = XCConfigurationList;
			buildConfigurations = (
				C534AA652978260100B205F3 /* Debug */,
				C534AA662978260100B205F3 /* Release */,
			);
			defaultConfigurationIsVisible = 0;
			defaultConfigurationName = Release;
		};
		C534AA672978260100B205F3 /* Build configuration list for PBXNativeTarget "4month.6homewor.6" */ = {
			isa = XCConfigurationList;
			buildConfigurations = (
				C534AA682978260100B205F3 /* Debug */,
				C534AA692978260100B205F3 /* Release */,
			);
			defaultConfigurationIsVisible = 0;
			defaultConfigurationName = Release;
		};
/* End XCConfigurationList section */
	};
	rootObject = C534AA4B2978260000B205F3 /* Project object */;
}
